// !$*UTF8*$!
{
	archiveVersion = 1;
	classes = {
	};
	objectVersion = 46;
	objects = {

/* Begin PBXBuildFile section */
		D158B5C41DC319F1008B6228 /* main.swift in Sources */ = {isa = PBXBuildFile; fileRef = D158B5C31DC319F1008B6228 /* main.swift */; };
		D18F638A1DC216BB0069B13C /* AppDelegate.swift in Sources */ = {isa = PBXBuildFile; fileRef = D18F63891DC216BB0069B13C /* AppDelegate.swift */; };
		D18F638C1DC216BB0069B13C /* ViewController.swift in Sources */ = {isa = PBXBuildFile; fileRef = D18F638B1DC216BB0069B13C /* ViewController.swift */; };
		D18F638E1DC216BB0069B13C /* Assets.xcassets in Resources */ = {isa = PBXBuildFile; fileRef = D18F638D1DC216BB0069B13C /* Assets.xcassets */; };
		D18F63911DC216BB0069B13C /* Main.storyboard in Resources */ = {isa = PBXBuildFile; fileRef = D18F638F1DC216BB0069B13C /* Main.storyboard */; };
		D18F63B71DC217330069B13C /* Model.swift in Sources */ = {isa = PBXBuildFile; fileRef = D18F63B61DC217330069B13C /* Model.swift */; };
		D18F63BC1DC21C220069B13C /* ViewItem.swift in Sources */ = {isa = PBXBuildFile; fileRef = D18F63BA1DC21C220069B13C /* ViewItem.swift */; };
		D18F63BD1DC21C220069B13C /* ViewItem.xib in Resources */ = {isa = PBXBuildFile; fileRef = D18F63BB1DC21C220069B13C /* ViewItem.xib */; };
		D18F63BF1DC21D5F0069B13C /* DataSource.swift in Sources */ = {isa = PBXBuildFile; fileRef = D18F63BE1DC21D5F0069B13C /* DataSource.swift */; };
/* End PBXBuildFile section */

/* Begin PBXFileReference section */
		D158B5C31DC319F1008B6228 /* main.swift */ = {isa = PBXFileReference; fileEncoding = 4; lastKnownFileType = sourcecode.swift; path = main.swift; sourceTree = "<group>"; };
		D18F63861DC216BB0069B13C /* macOS.app */ = {isa = PBXFileReference; explicitFileType = wrapper.application; includeInIndex = 0; path = macOS.app; sourceTree = BUILT_PRODUCTS_DIR; };
		D18F63891DC216BB0069B13C /* AppDelegate.swift */ = {isa = PBXFileReference; lastKnownFileType = sourcecode.swift; path = AppDelegate.swift; sourceTree = "<group>"; };
		D18F638B1DC216BB0069B13C /* ViewController.swift */ = {isa = PBXFileReference; lastKnownFileType = sourcecode.swift; path = ViewController.swift; sourceTree = "<group>"; };
		D18F638D1DC216BB0069B13C /* Assets.xcassets */ = {isa = PBXFileReference; lastKnownFileType = folder.assetcatalog; path = Assets.xcassets; sourceTree = "<group>"; };
		D18F63901DC216BB0069B13C /* Base */ = {isa = PBXFileReference; lastKnownFileType = file.storyboard; name = Base; path = Base.lproj/Main.storyboard; sourceTree = "<group>"; };
		D18F63921DC216BB0069B13C /* Info.plist */ = {isa = PBXFileReference; lastKnownFileType = text.plist.xml; path = Info.plist; sourceTree = "<group>"; };
		D18F63B61DC217330069B13C /* Model.swift */ = {isa = PBXFileReference; fileEncoding = 4; lastKnownFileType = sourcecode.swift; path = Model.swift; sourceTree = "<group>"; };
		D18F63BA1DC21C220069B13C /* ViewItem.swift */ = {isa = PBXFileReference; fileEncoding = 4; lastKnownFileType = sourcecode.swift; path = ViewItem.swift; sourceTree = "<group>"; };
		D18F63BB1DC21C220069B13C /* ViewItem.xib */ = {isa = PBXFileReference; fileEncoding = 4; lastKnownFileType = file.xib; path = ViewItem.xib; sourceTree = "<group>"; };
		D18F63BE1DC21D5F0069B13C /* DataSource.swift */ = {isa = PBXFileReference; fileEncoding = 4; lastKnownFileType = sourcecode.swift; path = DataSource.swift; sourceTree = "<group>"; };
/* End PBXFileReference section */

/* Begin PBXFrameworksBuildPhase section */
		D18F63831DC216BB0069B13C /* Frameworks */ = {
			isa = PBXFrameworksBuildPhase;
			buildActionMask = 2147483647;
			files = (
			);
			runOnlyForDeploymentPostprocessing = 0;
		};
/* End PBXFrameworksBuildPhase section */

/* Begin PBXGroup section */
		D18F637D1DC216BB0069B13C = {
			isa = PBXGroup;
			children = (
				D18F63881DC216BB0069B13C /* macOS */,
				D18F63871DC216BB0069B13C /* Products */,
			);
			sourceTree = "<group>";
		};
		D18F63871DC216BB0069B13C /* Products */ = {
			isa = PBXGroup;
			children = (
				D18F63861DC216BB0069B13C /* macOS.app */,
			);
			name = Products;
			sourceTree = "<group>";
		};
		D18F63881DC216BB0069B13C /* macOS */ = {
			isa = PBXGroup;
			children = (
				D18F63891DC216BB0069B13C /* AppDelegate.swift */,
				D18F638B1DC216BB0069B13C /* ViewController.swift */,
				D18F63B61DC217330069B13C /* Model.swift */,
				D18F63BE1DC21D5F0069B13C /* DataSource.swift */,
				D18F638D1DC216BB0069B13C /* Assets.xcassets */,
				D18F638F1DC216BB0069B13C /* Main.storyboard */,
				D18F63BA1DC21C220069B13C /* ViewItem.swift */,
				D18F63BB1DC21C220069B13C /* ViewItem.xib */,
				D18F63921DC216BB0069B13C /* Info.plist */,
				D158B5C31DC319F1008B6228 /* main.swift */,
			);
			path = macOS;
			sourceTree = "<group>";
		};
/* End PBXGroup section */

/* Begin PBXNativeTarget section */
		D18F63851DC216BB0069B13C /* macOS */ = {
			isa = PBXNativeTarget;
			buildConfigurationList = D18F63951DC216BB0069B13C /* Build configuration list for PBXNativeTarget "macOS" */;
			buildPhases = (
				D18F63821DC216BB0069B13C /* Sources */,
				D18F63831DC216BB0069B13C /* Frameworks */,
				D18F63841DC216BB0069B13C /* Resources */,
			);
			buildRules = (
			);
			dependencies = (
			);
			name = macOS;
			productName = macOS;
			productReference = D18F63861DC216BB0069B13C /* macOS.app */;
			productType = "com.apple.product-type.application";
		};
/* End PBXNativeTarget section */

/* Begin PBXProject section */
		D18F637E1DC216BB0069B13C /* Project object */ = {
			isa = PBXProject;
			attributes = {
				LastSwiftUpdateCheck = 0800;
				LastUpgradeCheck = 0800;
				ORGANIZATIONNAME = "STAY REAL LIMITED";
				TargetAttributes = {
					D18F63851DC216BB0069B13C = {
						CreatedOnToolsVersion = 8.0;
						ProvisioningStyle = Automatic;
					};
				};
			};
			buildConfigurationList = D18F63811DC216BB0069B13C /* Build configuration list for PBXProject "macOS" */;
			compatibilityVersion = "Xcode 3.2";
			developmentRegion = English;
			hasScannedForEncodings = 0;
			knownRegions = (
				en,
				Base,
			);
			mainGroup = D18F637D1DC216BB0069B13C;
			productRefGroup = D18F63871DC216BB0069B13C /* Products */;
			projectDirPath = "";
			projectRoot = "";
			targets = (
				D18F63851DC216BB0069B13C /* macOS */,
			);
		};
/* End PBXProject section */

/* Begin PBXResourcesBuildPhase section */
		D18F63841DC216BB0069B13C /* Resources */ = {
			isa = PBXResourcesBuildPhase;
			buildActionMask = 2147483647;
			files = (
				D18F63BD1DC21C220069B13C /* ViewItem.xib in Resources */,
				D18F638E1DC216BB0069B13C /* Assets.xcassets in Resources */,
				D18F63911DC216BB0069B13C /* Main.storyboard in Resources */,
			);
			runOnlyForDeploymentPostprocessing = 0;
		};
/* End PBXResourcesBuildPhase section */

/* Begin PBXSourcesBuildPhase section */
		D18F63821DC216BB0069B13C /* Sources */ = {
			isa = PBXSourcesBuildPhase;
			buildActionMask = 2147483647;
			files = (
				D18F63B71DC217330069B13C /* Model.swift in Sources */,
				D18F638C1DC216BB0069B13C /* ViewController.swift in Sources */,
				D158B5C41DC319F1008B6228 /* main.swift in Sources */,
				D18F638A1DC216BB0069B13C /* AppDelegate.swift in Sources */,
				D18F63BF1DC21D5F0069B13C /* DataSource.swift in Sources */,
				D18F63BC1DC21C220069B13C /* ViewItem.swift in Sources */,
			);
			runOnlyForDeploymentPostprocessing = 0;
		};
/* End PBXSourcesBuildPhase section */

/* Begin PBXVariantGroup section */
		D18F638F1DC216BB0069B13C /* Main.storyboard */ = {
			isa = PBXVariantGroup;
			children = (
				D18F63901DC216BB0069B13C /* Base */,
			);
			name = Main.storyboard;
			sourceTree = "<group>";
		};
/* End PBXVariantGroup section */

/* Begin XCBuildConfiguration section */
		D18F63931DC216BB0069B13C /* Debug */ = {
			isa = XCBuildConfiguration;
			buildSettings = {
				ALWAYS_SEARCH_USER_PATHS = NO;
				CLANG_ANALYZER_NONNULL = YES;
				CLANG_CXX_LANGUAGE_STANDARD = "gnu++0x";
				CLANG_CXX_LIBRARY = "libc++";
				CLANG_ENABLE_MODULES = YES;
				CLANG_ENABLE_OBJC_ARC = YES;
				CLANG_WARN_BOOL_CONVERSION = YES;
				CLANG_WARN_CONSTANT_CONVERSION = YES;
				CLANG_WARN_DIRECT_OBJC_ISA_USAGE = YES_ERROR;
				CLANG_WARN_DOCUMENTATION_COMMENTS = YES;
				CLANG_WARN_EMPTY_BODY = YES;
				CLANG_WARN_ENUM_CONVERSION = YES;
				CLANG_WARN_INFINITE_RECURSION = YES;
				CLANG_WARN_INT_CONVERSION = YES;
				CLANG_WARN_OBJC_ROOT_CLASS = YES_ERROR;
				CLANG_WARN_SUSPICIOUS_MOVES = YES;
				CLANG_WARN_UNREACHABLE_CODE = YES;
				CLANG_WARN__DUPLICATE_METHOD_MATCH = YES;
				CODE_SIGN_IDENTITY = "-";
				COPY_PHASE_STRIP = NO;
				DEBUG_INFORMATION_FORMAT = dwarf;
				ENABLE_STRICT_OBJC_MSGSEND = YES;
				ENABLE_TESTABILITY = YES;
				GCC_C_LANGUAGE_STANDARD = gnu99;
				GCC_DYNAMIC_NO_PIC = NO;
				GCC_NO_COMMON_BLOCKS = YES;
				GCC_OPTIMIZATION_LEVEL = 0;
				GCC_PREPROCESSOR_DEFINITIONS = (
					"DEBUG=1",
					"$(inherited)",
				);
				GCC_WARN_64_TO_32_BIT_CONVERSION = YES;
				GCC_WARN_ABOUT_RETURN_TYPE = YES_ERROR;
				GCC_WARN_UNDECLARED_SELECTOR = YES;
				GCC_WARN_UNINITIALIZED_AUTOS = YES_AGGRESSIVE;
				GCC_WARN_UNUSED_FUNCTION = YES;
				GCC_WARN_UNUSED_VARIABLE = YES;
				MACOSX_DEPLOYMENT_TARGET = 10.11;
				MTL_ENABLE_DEBUG_INFO = YES;
				ONLY_ACTIVE_ARCH = YES;
				SDKROOT = macosx;
				SWIFT_ACTIVE_COMPILATION_CONDITIONS = DEBUG;
				SWIFT_OPTIMIZATION_LEVEL = "-Onone";
			};
			name = Debug;
		};
		D18F63941DC216BB0069B13C /* Release */ = {
			isa = XCBuildConfiguration;
			buildSettings = {
				ALWAYS_SEARCH_USER_PATHS = NO;
				CLANG_ANALYZER_NONNULL = YES;
				CLANG_CXX_LANGUAGE_STANDARD = "gnu++0x";
				CLANG_CXX_LIBRARY = "libc++";
				CLANG_ENABLE_MODULES = YES;
				CLANG_ENABLE_OBJC_ARC = YES;
				CLANG_WARN_BOOL_CONVERSION = YES;
				CLANG_WARN_CONSTANT_CONVERSION = YES;
				CLANG_WARN_DIRECT_OBJC_ISA_USAGE = YES_ERROR;
				CLANG_WARN_DOCUMENTATION_COMMENTS = YES;
				CLANG_WARN_EMPTY_BODY = YES;
				CLANG_WARN_ENUM_CONVERSION = YES;
				CLANG_WARN_INFINITE_RECURSION = YES;
				CLANG_WARN_INT_CONVERSION = YES;
				CLANG_WARN_OBJC_ROOT_CLASS = YES_ERROR;
				CLANG_WARN_SUSPICIOUS_MOVES = YES;
				CLANG_WARN_UNREACHABLE_CODE = YES;
				CLANG_WARN__DUPLICATE_METHOD_MATCH = YES;
				CODE_SIGN_IDENTITY = "-";
				COPY_PHASE_STRIP = NO;
				DEBUG_INFORMATION_FORMAT = "dwarf-with-dsym";
				ENABLE_NS_ASSERTIONS = NO;
				ENABLE_STRICT_OBJC_MSGSEND = YES;
				GCC_C_LANGUAGE_STANDARD = gnu99;
				GCC_NO_COMMON_BLOCKS = YES;
				GCC_WARN_64_TO_32_BIT_CONVERSION = YES;
				GCC_WARN_ABOUT_RETURN_TYPE = YES_ERROR;
				GCC_WARN_UNDECLARED_SELECTOR = YES;
				GCC_WARN_UNINITIALIZED_AUTOS = YES_AGGRESSIVE;
				GCC_WARN_UNUSED_FUNCTION = YES;
				GCC_WARN_UNUSED_VARIABLE = YES;
				MACOSX_DEPLOYMENT_TARGET = 10.11;
				MTL_ENABLE_DEBUG_INFO = NO;
				SDKROOT = macosx;
				SWIFT_OPTIMIZATION_LEVEL = "-Owholemodule";
			};
			name = Release;
		};
		D18F63961DC216BB0069B13C /* Debug */ = {
			isa = XCBuildConfiguration;
			buildSettings = {
				ASSETCATALOG_COMPILER_APPICON_NAME = AppIcon;
				COMBINE_HIDPI_IMAGES = YES;
				INFOPLIST_FILE = macOS/Info.plist;
				LD_RUNPATH_SEARCH_PATHS = "$(inherited) @executable_path/../Frameworks";
				PRODUCT_BUNDLE_IDENTIFIER = com.stayrealhk.macOS;
				PRODUCT_NAME = "$(TARGET_NAME)";
				SWIFT_VERSION = 3.0;
			};
			name = Debug;
		};
		D18F63971DC216BB0069B13C /* Release */ = {
			isa = XCBuildConfiguration;
			buildSettings = {
				ASSETCATALOG_COMPILER_APPICON_NAME = AppIcon;
				COMBINE_HIDPI_IMAGES = YES;
				INFOPLIST_FILE = macOS/Info.plist;
				LD_RUNPATH_SEARCH_PATHS = "$(inherited) @executable_path/../Frameworks";
				PRODUCT_BUNDLE_IDENTIFIER = com.stayrealhk.macOS;
				PRODUCT_NAME = "$(TARGET_NAME)";
				SWIFT_VERSION = 3.0;
			};
			name = Release;
		};
/* End XCBuildConfiguration section */

/* Begin XCConfigurationList section */
		D18F63811DC216BB0069B13C /* Build configuration list for PBXProject "macOS" */ = {
			isa = XCConfigurationList;
			buildConfigurations = (
				D18F63931DC216BB0069B13C /* Debug */,
				D18F63941DC216BB0069B13C /* Release */,
			);
			defaultConfigurationIsVisible = 0;
			defaultConfigurationName = Release;
		};
		D18F63951DC216BB0069B13C /* Build configuration list for PBXNativeTarget "macOS" */ = {
			isa = XCConfigurationList;
			buildConfigurations = (
				D18F63961DC216BB0069B13C /* Debug */,
				D18F63971DC216BB0069B13C /* Release */,
			);
			defaultConfigurationIsVisible = 0;
			defaultConfigurationName = Release;
		};
/* End XCConfigurationList section */
	};
	rootObject = D18F637E1DC216BB0069B13C /* Project object */;
}
